// !$*UTF8*$!
{
	archiveVersion = 1;
	classes = {
	};
	objectVersion = 46;
	objects = {

/* Begin PBXBuildFile section */
		C929AC421CBE6AF70017A3C3 /* main.m in Sources */ = {isa = PBXBuildFile; fileRef = C929AC411CBE6AF70017A3C3 /* main.m */; };
		C929AC451CBE6AF70017A3C3 /* AppDelegate.m in Sources */ = {isa = PBXBuildFile; fileRef = C929AC441CBE6AF70017A3C3 /* AppDelegate.m */; };
		C929AC4B1CBE6AF70017A3C3 /* Main.storyboard in Resources */ = {isa = PBXBuildFile; fileRef = C929AC491CBE6AF70017A3C3 /* Main.storyboard */; };
		C929AC4D1CBE6AF70017A3C3 /* Assets.xcassets in Resources */ = {isa = PBXBuildFile; fileRef = C929AC4C1CBE6AF70017A3C3 /* Assets.xcassets */; };
		C929AC501CBE6AF70017A3C3 /* LaunchScreen.storyboard in Resources */ = {isa = PBXBuildFile; fileRef = C929AC4E1CBE6AF70017A3C3 /* LaunchScreen.storyboard */; };
		C929AC5B1CBE6AF70017A3C3 /* UITableViewController_Challenge_SolutionTests.m in Sources */ = {isa = PBXBuildFile; fileRef = C929AC5A1CBE6AF70017A3C3 /* UITableViewController_Challenge_SolutionTests.m */; };
		C929AC661CBE6AF70017A3C3 /* UITableViewController_Challenge_SolutionUITests.m in Sources */ = {isa = PBXBuildFile; fileRef = C929AC651CBE6AF70017A3C3 /* UITableViewController_Challenge_SolutionUITests.m */; };
		C929AC751CBE6C350017A3C3 /* DHTableViewController.m in Sources */ = {isa = PBXBuildFile; fileRef = C929AC741CBE6C350017A3C3 /* DHTableViewController.m */; };
/* End PBXBuildFile section */

/* Begin PBXContainerItemProxy section */
		C929AC571CBE6AF70017A3C3 /* PBXContainerItemProxy */ = {
			isa = PBXContainerItemProxy;
			containerPortal = C929AC351CBE6AF70017A3C3 /* Project object */;
			proxyType = 1;
			remoteGlobalIDString = C929AC3C1CBE6AF70017A3C3;
			remoteInfo = "UITableViewController Challenge Solution";
		};
		C929AC621CBE6AF70017A3C3 /* PBXContainerItemProxy */ = {
			isa = PBXContainerItemProxy;
			containerPortal = C929AC351CBE6AF70017A3C3 /* Project object */;
			proxyType = 1;
			remoteGlobalIDString = C929AC3C1CBE6AF70017A3C3;
			remoteInfo = "UITableViewController Challenge Solution";
		};
/* End PBXContainerItemProxy section */

/* Begin PBXFileReference section */
		C929AC3D1CBE6AF70017A3C3 /* UITableViewController Challenge Solution.app */ = {isa = PBXFileReference; explicitFileType = wrapper.application; includeInIndex = 0; path = "UITableViewController Challenge Solution.app"; sourceTree = BUILT_PRODUCTS_DIR; };
		C929AC411CBE6AF70017A3C3 /* main.m */ = {isa = PBXFileReference; lastKnownFileType = sourcecode.c.objc; path = main.m; sourceTree = "<group>"; };
		C929AC431CBE6AF70017A3C3 /* AppDelegate.h */ = {isa = PBXFileReference; lastKnownFileType = sourcecode.c.h; path = AppDelegate.h; sourceTree = "<group>"; };
		C929AC441CBE6AF70017A3C3 /* AppDelegate.m */ = {isa = PBXFileReference; lastKnownFileType = sourcecode.c.objc; path = AppDelegate.m; sourceTree = "<group>"; };
		C929AC4A1CBE6AF70017A3C3 /* Base */ = {isa = PBXFileReference; lastKnownFileType = file.storyboard; name = Base; path = Base.lproj/Main.storyboard; sourceTree = "<group>"; };
		C929AC4C1CBE6AF70017A3C3 /* Assets.xcassets */ = {isa = PBXFileReference; lastKnownFileType = folder.assetcatalog; path = Assets.xcassets; sourceTree = "<group>"; };
		C929AC4F1CBE6AF70017A3C3 /* Base */ = {isa = PBXFileReference; lastKnownFileType = file.storyboard; name = Base; path = Base.lproj/LaunchScreen.storyboard; sourceTree = "<group>"; };
		C929AC511CBE6AF70017A3C3 /* Info.plist */ = {isa = PBXFileReference; lastKnownFileType = text.plist.xml; path = Info.plist; sourceTree = "<group>"; };
		C929AC561CBE6AF70017A3C3 /* UITableViewController Challenge SolutionTests.xctest */ = {isa = PBXFileReference; explicitFileType = wrapper.cfbundle; includeInIndex = 0; path = "UITableViewController Challenge SolutionTests.xctest"; sourceTree = BUILT_PRODUCTS_DIR; };
		C929AC5A1CBE6AF70017A3C3 /* UITableViewController_Challenge_SolutionTests.m */ = {isa = PBXFileReference; lastKnownFileType = sourcecode.c.objc; path = UITableViewController_Challenge_SolutionTests.m; sourceTree = "<group>"; };
		C929AC5C1CBE6AF70017A3C3 /* Info.plist */ = {isa = PBXFileReference; lastKnownFileType = text.plist.xml; path = Info.plist; sourceTree = "<group>"; };
		C929AC611CBE6AF70017A3C3 /* UITableViewController Challenge SolutionUITests.xctest */ = {isa = PBXFileReference; explicitFileType = wrapper.cfbundle; includeInIndex = 0; path = "UITableViewController Challenge SolutionUITests.xctest"; sourceTree = BUILT_PRODUCTS_DIR; };
		C929AC651CBE6AF70017A3C3 /* UITableViewController_Challenge_SolutionUITests.m */ = {isa = PBXFileReference; lastKnownFileType = sourcecode.c.objc; path = UITableViewController_Challenge_SolutionUITests.m; sourceTree = "<group>"; };
		C929AC671CBE6AF70017A3C3 /* Info.plist */ = {isa = PBXFileReference; lastKnownFileType = text.plist.xml; path = Info.plist; sourceTree = "<group>"; };
		C929AC731CBE6C350017A3C3 /* DHTableViewController.h */ = {isa = PBXFileReference; fileEncoding = 4; lastKnownFileType = sourcecode.c.h; path = DHTableViewController.h; sourceTree = "<group>"; };
		C929AC741CBE6C350017A3C3 /* DHTableViewController.m */ = {isa = PBXFileReference; fileEncoding = 4; lastKnownFileType = sourcecode.c.objc; path = DHTableViewController.m; sourceTree = "<group>"; };
/* End PBXFileReference section */

/* Begin PBXFrameworksBuildPhase section */
		C929AC3A1CBE6AF70017A3C3 /* Frameworks */ = {
			isa = PBXFrameworksBuildPhase;
			buildActionMask = 2147483647;
			files = (
			);
			runOnlyForDeploymentPostprocessing = 0;
		};
		C929AC531CBE6AF70017A3C3 /* Frameworks */ = {
			isa = PBXFrameworksBuildPhase;
			buildActionMask = 2147483647;
			files = (
			);
			runOnlyForDeploymentPostprocessing = 0;
		};
		C929AC5E1CBE6AF70017A3C3 /* Frameworks */ = {
			isa = PBXFrameworksBuildPhase;
			buildActionMask = 2147483647;
			files = (
			);
			runOnlyForDeploymentPostprocessing = 0;
		};
/* End PBXFrameworksBuildPhase section */

/* Begin PBXGroup section */
		C929AC341CBE6AF70017A3C3 = {
			isa = PBXGroup;
			children = (
				C929AC3F1CBE6AF70017A3C3 /* UITableViewController Challenge Solution */,
				C929AC591CBE6AF70017A3C3 /* UITableViewController Challenge SolutionTests */,
				C929AC641CBE6AF70017A3C3 /* UITableViewController Challenge SolutionUITests */,
				C929AC3E1CBE6AF70017A3C3 /* Products */,
			);
			sourceTree = "<group>";
		};
		C929AC3E1CBE6AF70017A3C3 /* Products */ = {
			isa = PBXGroup;
			children = (
				C929AC3D1CBE6AF70017A3C3 /* UITableViewController Challenge Solution.app */,
				C929AC561CBE6AF70017A3C3 /* UITableViewController Challenge SolutionTests.xctest */,
				C929AC611CBE6AF70017A3C3 /* UITableViewController Challenge SolutionUITests.xctest */,
			);
			name = Products;
			sourceTree = "<group>";
		};
		C929AC3F1CBE6AF70017A3C3 /* UITableViewController Challenge Solution */ = {
			isa = PBXGroup;
			children = (
				C929AC431CBE6AF70017A3C3 /* AppDelegate.h */,
				C929AC441CBE6AF70017A3C3 /* AppDelegate.m */,
				C929AC491CBE6AF70017A3C3 /* Main.storyboard */,
				C929AC4C1CBE6AF70017A3C3 /* Assets.xcassets */,
				C929AC4E1CBE6AF70017A3C3 /* LaunchScreen.storyboard */,
				C929AC731CBE6C350017A3C3 /* DHTableViewController.h */,
				C929AC741CBE6C350017A3C3 /* DHTableViewController.m */,
				C929AC511CBE6AF70017A3C3 /* Info.plist */,
				C929AC401CBE6AF70017A3C3 /* Supporting Files */,
			);
			path = "UITableViewController Challenge Solution";
			sourceTree = "<group>";
		};
		C929AC401CBE6AF70017A3C3 /* Supporting Files */ = {
			isa = PBXGroup;
			children = (
				C929AC411CBE6AF70017A3C3 /* main.m */,
			);
			name = "Supporting Files";
			sourceTree = "<group>";
		};
		C929AC591CBE6AF70017A3C3 /* UITableViewController Challenge SolutionTests */ = {
			isa = PBXGroup;
			children = (
				C929AC5A1CBE6AF70017A3C3 /* UITableViewController_Challenge_SolutionTests.m */,
				C929AC5C1CBE6AF70017A3C3 /* Info.plist */,
			);
			path = "UITableViewController Challenge SolutionTests";
			sourceTree = "<group>";
		};
		C929AC641CBE6AF70017A3C3 /* UITableViewController Challenge SolutionUITests */ = {
			isa = PBXGroup;
			children = (
				C929AC651CBE6AF70017A3C3 /* UITableViewController_Challenge_SolutionUITests.m */,
				C929AC671CBE6AF70017A3C3 /* Info.plist */,
			);
			path = "UITableViewController Challenge SolutionUITests";
			sourceTree = "<group>";
		};
/* End PBXGroup section */

/* Begin PBXNativeTarget section */
		C929AC3C1CBE6AF70017A3C3 /* UITableViewController Challenge Solution */ = {
			isa = PBXNativeTarget;
			buildConfigurationList = C929AC6A1CBE6AF70017A3C3 /* Build configuration list for PBXNativeTarget "UITableViewController Challenge Solution" */;
			buildPhases = (
				C929AC391CBE6AF70017A3C3 /* Sources */,
				C929AC3A1CBE6AF70017A3C3 /* Frameworks */,
				C929AC3B1CBE6AF70017A3C3 /* Resources */,
			);
			buildRules = (
			);
			dependencies = (
			);
			name = "UITableViewController Challenge Solution";
			productName = "UITableViewController Challenge Solution";
			productReference = C929AC3D1CBE6AF70017A3C3 /* UITableViewController Challenge Solution.app */;
			productType = "com.apple.product-type.application";
		};
		C929AC551CBE6AF70017A3C3 /* UITableViewController Challenge SolutionTests */ = {
			isa = PBXNativeTarget;
			buildConfigurationList = C929AC6D1CBE6AF70017A3C3 /* Build configuration list for PBXNativeTarget "UITableViewController Challenge SolutionTests" */;
			buildPhases = (
				C929AC521CBE6AF70017A3C3 /* Sources */,
				C929AC531CBE6AF70017A3C3 /* Frameworks */,
				C929AC541CBE6AF70017A3C3 /* Resources */,
			);
			buildRules = (
			);
			dependencies = (
				C929AC581CBE6AF70017A3C3 /* PBXTargetDependency */,
			);
			name = "UITableViewController Challenge SolutionTests";
			productName = "UITableViewController Challenge SolutionTests";
			productReference = C929AC561CBE6AF70017A3C3 /* UITableViewController Challenge SolutionTests.xctest */;
			productType = "com.apple.product-type.bundle.unit-test";
		};
		C929AC601CBE6AF70017A3C3 /* UITableViewController Challenge SolutionUITests */ = {
			isa = PBXNativeTarget;
			buildConfigurationList = C929AC701CBE6AF70017A3C3 /* Build configuration list for PBXNativeTarget "UITableViewController Challenge SolutionUITests" */;
			buildPhases = (
				C929AC5D1CBE6AF70017A3C3 /* Sources */,
				C929AC5E1CBE6AF70017A3C3 /* Frameworks */,
				C929AC5F1CBE6AF70017A3C3 /* Resources */,
			);
			buildRules = (
			);
			dependencies = (
				C929AC631CBE6AF70017A3C3 /* PBXTargetDependency */,
			);
			name = "UITableViewController Challenge SolutionUITests";
			productName = "UITableViewController Challenge SolutionUITests";
			productReference = C929AC611CBE6AF70017A3C3 /* UITableViewController Challenge SolutionUITests.xctest */;
			productType = "com.apple.product-type.bundle.ui-testing";
		};
/* End PBXNativeTarget section */

/* Begin PBXProject section */
		C929AC351CBE6AF70017A3C3 /* Project object */ = {
			isa = PBXProject;
			attributes = {
				LastUpgradeCheck = 0730;
				ORGANIZATIONNAME = "Donghyeon Lim";
				TargetAttributes = {
					C929AC3C1CBE6AF70017A3C3 = {
						CreatedOnToolsVersion = 7.3;
						DevelopmentTeam = SA24UWJ4J6;
					};
					C929AC551CBE6AF70017A3C3 = {
						CreatedOnToolsVersion = 7.3;
						DevelopmentTeam = SA24UWJ4J6;
						TestTargetID = C929AC3C1CBE6AF70017A3C3;
					};
					C929AC601CBE6AF70017A3C3 = {
						CreatedOnToolsVersion = 7.3;
						DevelopmentTeam = SA24UWJ4J6;
						TestTargetID = C929AC3C1CBE6AF70017A3C3;
					};
				};
			};
			buildConfigurationList = C929AC381CBE6AF70017A3C3 /* Build configuration list for PBXProject "UITableViewController Challenge Solution" */;
			compatibilityVersion = "Xcode 3.2";
			developmentRegion = English;
			hasScannedForEncodings = 0;
			knownRegions = (
				en,
				Base,
			);
			mainGroup = C929AC341CBE6AF70017A3C3;
			productRefGroup = C929AC3E1CBE6AF70017A3C3 /* Products */;
			projectDirPath = "";
			projectRoot = "";
			targets = (
				C929AC3C1CBE6AF70017A3C3 /* UITableViewController Challenge Solution */,
				C929AC551CBE6AF70017A3C3 /* UITableViewController Challenge SolutionTests */,
				C929AC601CBE6AF70017A3C3 /* UITableViewController Challenge SolutionUITests */,
			);
		};
/* End PBXProject section */

/* Begin PBXResourcesBuildPhase section */
		C929AC3B1CBE6AF70017A3C3 /* Resources */ = {
			isa = PBXResourcesBuildPhase;
			buildActionMask = 2147483647;
			files = (
				C929AC501CBE6AF70017A3C3 /* LaunchScreen.storyboard in Resources */,
				C929AC4D1CBE6AF70017A3C3 /* Assets.xcassets in Resources */,
				C929AC4B1CBE6AF70017A3C3 /* Main.storyboard in Resources */,
			);
			runOnlyForDeploymentPostprocessing = 0;
		};
		C929AC541CBE6AF70017A3C3 /* Resources */ = {
			isa = PBXResourcesBuildPhase;
			buildActionMask = 2147483647;
			files = (
			);
			runOnlyForDeploymentPostprocessing = 0;
		};
		C929AC5F1CBE6AF70017A3C3 /* Resources */ = {
			isa = PBXResourcesBuildPhase;
			buildActionMask = 2147483647;
			files = (
			);
			runOnlyForDeploymentPostprocessing = 0;
		};
/* End PBXResourcesBuildPhase section */

/* Begin PBXSourcesBuildPhase section */
		C929AC391CBE6AF70017A3C3 /* Sources */ = {
			isa = PBXSourcesBuildPhase;
			buildActionMask = 2147483647;
			files = (
				C929AC451CBE6AF70017A3C3 /* AppDelegate.m in Sources */,
				C929AC421CBE6AF70017A3C3 /* main.m in Sources */,
				C929AC751CBE6C350017A3C3 /* DHTableViewController.m in Sources */,
			);
			runOnlyForDeploymentPostprocessing = 0;
		};
		C929AC521CBE6AF70017A3C3 /* Sources */ = {
			isa = PBXSourcesBuildPhase;
			buildActionMask = 2147483647;
			files = (
				C929AC5B1CBE6AF70017A3C3 /* UITableViewController_Challenge_SolutionTests.m in Sources */,
			);
			runOnlyForDeploymentPostprocessing = 0;
		};
		C929AC5D1CBE6AF70017A3C3 /* Sources */ = {
			isa = PBXSourcesBuildPhase;
			buildActionMask = 2147483647;
			files = (
				C929AC661CBE6AF70017A3C3 /* UITableViewController_Challenge_SolutionUITests.m in Sources */,
			);
			runOnlyForDeploymentPostprocessing = 0;
		};
/* End PBXSourcesBuildPhase section */

/* Begin PBXTargetDependency section */
		C929AC581CBE6AF70017A3C3 /* PBXTargetDependency */ = {
			isa = PBXTargetDependency;
			target = C929AC3C1CBE6AF70017A3C3 /* UITableViewController Challenge Solution */;
			targetProxy = C929AC571CBE6AF70017A3C3 /* PBXContainerItemProxy */;
		};
		C929AC631CBE6AF70017A3C3 /* PBXTargetDependency */ = {
			isa = PBXTargetDependency;
			target = C929AC3C1CBE6AF70017A3C3 /* UITableViewController Challenge Solution */;
			targetProxy = C929AC621CBE6AF70017A3C3 /* PBXContainerItemProxy */;
		};
/* End PBXTargetDependency section */

/* Begin PBXVariantGroup section */
		C929AC491CBE6AF70017A3C3 /* Main.storyboard */ = {
			isa = PBXVariantGroup;
			children = (
				C929AC4A1CBE6AF70017A3C3 /* Base */,
			);
			name = Main.storyboard;
			sourceTree = "<group>";
		};
		C929AC4E1CBE6AF70017A3C3 /* LaunchScreen.storyboard */ = {
			isa = PBXVariantGroup;
			children = (
				C929AC4F1CBE6AF70017A3C3 /* Base */,
			);
			name = LaunchScreen.storyboard;
			sourceTree = "<group>";
		};
/* End PBXVariantGroup section */

/* Begin XCBuildConfiguration section */
		C929AC681CBE6AF70017A3C3 /* Debug */ = {
			isa = XCBuildConfiguration;
			buildSettings = {
				ALWAYS_SEARCH_USER_PATHS = NO;
				CLANG_ANALYZER_NONNULL = YES;
				CLANG_CXX_LANGUAGE_STANDARD = "gnu++0x";
				CLANG_CXX_LIBRARY = "libc++";
				CLANG_ENABLE_MODULES = YES;
				CLANG_ENABLE_OBJC_ARC = YES;
				CLANG_WARN_BOOL_CONVERSION = YES;
				CLANG_WARN_CONSTANT_CONVERSION = YES;
				CLANG_WARN_DIRECT_OBJC_ISA_USAGE = YES_ERROR;
				CLANG_WARN_EMPTY_BODY = YES;
				CLANG_WARN_ENUM_CONVERSION = YES;
				CLANG_WARN_INT_CONVERSION = YES;
				CLANG_WARN_OBJC_ROOT_CLASS = YES_ERROR;
				CLANG_WARN_UNREACHABLE_CODE = YES;
				CLANG_WARN__DUPLICATE_METHOD_MATCH = YES;
				"CODE_SIGN_IDENTITY[sdk=iphoneos*]" = "iPhone Developer";
				COPY_PHASE_STRIP = NO;
				DEBUG_INFORMATION_FORMAT = dwarf;
				ENABLE_STRICT_OBJC_MSGSEND = YES;
				ENABLE_TESTABILITY = YES;
				GCC_C_LANGUAGE_STANDARD = gnu99;
				GCC_DYNAMIC_NO_PIC = NO;
				GCC_NO_COMMON_BLOCKS = YES;
				GCC_OPTIMIZATION_LEVEL = 0;
				GCC_PREPROCESSOR_DEFINITIONS = (
					"DEBUG=1",
					"$(inherited)",
				);
				GCC_WARN_64_TO_32_BIT_CONVERSION = YES;
				GCC_WARN_ABOUT_RETURN_TYPE = YES_ERROR;
				GCC_WARN_UNDECLARED_SELECTOR = YES;
				GCC_WARN_UNINITIALIZED_AUTOS = YES_AGGRESSIVE;
				GCC_WARN_UNUSED_FUNCTION = YES;
				GCC_WARN_UNUSED_VARIABLE = YES;
				IPHONEOS_DEPLOYMENT_TARGET = 9.3;
				MTL_ENABLE_DEBUG_INFO = YES;
				ONLY_ACTIVE_ARCH = YES;
				SDKROOT = iphoneos;
			};
			name = Debug;
		};
		C929AC691CBE6AF70017A3C3 /* Release */ = {
			isa = XCBuildConfiguration;
			buildSettings = {
				ALWAYS_SEARCH_USER_PATHS = NO;
				CLANG_ANALYZER_NONNULL = YES;
				CLANG_CXX_LANGUAGE_STANDARD = "gnu++0x";
				CLANG_CXX_LIBRARY = "libc++";
				CLANG_ENABLE_MODULES = YES;
				CLANG_ENABLE_OBJC_ARC = YES;
				CLANG_WARN_BOOL_CONVERSION = YES;
				CLANG_WARN_CONSTANT_CONVERSION = YES;
				CLANG_WARN_DIRECT_OBJC_ISA_USAGE = YES_ERROR;
				CLANG_WARN_EMPTY_BODY = YES;
				CLANG_WARN_ENUM_CONVERSION = YES;
				CLANG_WARN_INT_CONVERSION = YES;
				CLANG_WARN_OBJC_ROOT_CLASS = YES_ERROR;
				CLANG_WARN_UNREACHABLE_CODE = YES;
				CLANG_WARN__DUPLICATE_METHOD_MATCH = YES;
				"CODE_SIGN_IDENTITY[sdk=iphoneos*]" = "iPhone Developer";
				COPY_PHASE_STRIP = NO;
				DEBUG_INFORMATION_FORMAT = "dwarf-with-dsym";
				ENABLE_NS_ASSERTIONS = NO;
				ENABLE_STRICT_OBJC_MSGSEND = YES;
				GCC_C_LANGUAGE_STANDARD = gnu99;
				GCC_NO_COMMON_BLOCKS = YES;
				GCC_WARN_64_TO_32_BIT_CONVERSION = YES;
				GCC_WARN_ABOUT_RETURN_TYPE = YES_ERROR;
				GCC_WARN_UNDECLARED_SELECTOR = YES;
				GCC_WARN_UNINITIALIZED_AUTOS = YES_AGGRESSIVE;
				GCC_WARN_UNUSED_FUNCTION = YES;
				GCC_WARN_UNUSED_VARIABLE = YES;
				IPHONEOS_DEPLOYMENT_TARGET = 9.3;
				MTL_ENABLE_DEBUG_INFO = NO;
				SDKROOT = iphoneos;
				VALIDATE_PRODUCT = YES;
			};
			name = Release;
		};
		C929AC6B1CBE6AF70017A3C3 /* Debug */ = {
			isa = XCBuildConfiguration;
			buildSettings = {
				ASSETCATALOG_COMPILER_APPICON_NAME = AppIcon;
				CODE_SIGN_IDENTITY = "iPhone Developer";
				INFOPLIST_FILE = "UITableViewController Challenge Solution/Info.plist";
				IPHONEOS_DEPLOYMENT_TARGET = 9.3;
				LD_RUNPATH_SEARCH_PATHS = "$(inherited) @executable_path/Frameworks";
				PRODUCT_BUNDLE_IDENTIFIER = "com.donghyeon.test.UITableViewController-Challenge-Solution";
				PRODUCT_NAME = "$(TARGET_NAME)";
			};
			name = Debug;
		};
		C929AC6C1CBE6AF70017A3C3 /* Release */ = {
			isa = XCBuildConfiguration;
			buildSettings = {
				ASSETCATALOG_COMPILER_APPICON_NAME = AppIcon;
				CODE_SIGN_IDENTITY = "iPhone Developer";
				INFOPLIST_FILE = "UITableViewController Challenge Solution/Info.plist";
				IPHONEOS_DEPLOYMENT_TARGET = 9.3;
				LD_RUNPATH_SEARCH_PATHS = "$(inherited) @executable_path/Frameworks";
				PRODUCT_BUNDLE_IDENTIFIER = "com.donghyeon.test.UITableViewController-Challenge-Solution";
				PRODUCT_NAME = "$(TARGET_NAME)";
			};
			name = Release;
		};
		C929AC6E1CBE6AF70017A3C3 /* Debug */ = {
			isa = XCBuildConfiguration;
			buildSettings = {
				BUNDLE_LOADER = "$(TEST_HOST)";
				INFOPLIST_FILE = "UITableViewController Challenge SolutionTests/Info.plist";
				LD_RUNPATH_SEARCH_PATHS = "$(inherited) @executable_path/Frameworks @loader_path/Frameworks";
				PRODUCT_BUNDLE_IDENTIFIER = "com.donghyeon.test.UITableViewController-Challenge-SolutionTests";
				PRODUCT_NAME = "$(TARGET_NAME)";
				TEST_HOST = "$(BUILT_PRODUCTS_DIR)/UITableViewController Challenge Solution.app/UITableViewController Challenge Solution";
			};
			name = Debug;
		};
		C929AC6F1CBE6AF70017A3C3 /* Release */ = {
			isa = XCBuildConfiguration;
			buildSettings = {
				BUNDLE_LOADER = "$(TEST_HOST)";
				INFOPLIST_FILE = "UITableViewController Challenge SolutionTests/Info.plist";
				LD_RUNPATH_SEARCH_PATHS = "$(inherited) @executable_path/Frameworks @loader_path/Frameworks";
				PRODUCT_BUNDLE_IDENTIFIER = "com.donghyeon.test.UITableViewController-Challenge-SolutionTests";
				PRODUCT_NAME = "$(TARGET_NAME)";
				TEST_HOST = "$(BUILT_PRODUCTS_DIR)/UITableViewController Challenge Solution.app/UITableViewController Challenge Solution";
			};
			name = Release;
		};
		C929AC711CBE6AF70017A3C3 /* Debug */ = {
			isa = XCBuildConfiguration;
			buildSettings = {
				INFOPLIST_FILE = "UITableViewController Challenge SolutionUITests/Info.plist";
				LD_RUNPATH_SEARCH_PATHS = "$(inherited) @executable_path/Frameworks @loader_path/Frameworks";
				PRODUCT_BUNDLE_IDENTIFIER = "com.donghyeon.test.UITableViewController-Challenge-SolutionUITests";
				PRODUCT_NAME = "$(TARGET_NAME)";
				TEST_TARGET_NAME = "UITableViewController Challenge Solution";
			};
			name = Debug;
		};
		C929AC721CBE6AF70017A3C3 /* Release */ = {
			isa = XCBuildConfiguration;
			buildSettings = {
				INFOPLIST_FILE = "UITableViewController Challenge SolutionUITests/Info.plist";
				LD_RUNPATH_SEARCH_PATHS = "$(inherited) @executable_path/Frameworks @loader_path/Frameworks";
				PRODUCT_BUNDLE_IDENTIFIER = "com.donghyeon.test.UITableViewController-Challenge-SolutionUITests";
				PRODUCT_NAME = "$(TARGET_NAME)";
				TEST_TARGET_NAME = "UITableViewController Challenge Solution";
			};
			name = Release;
		};
/* End XCBuildConfiguration section */

/* Begin XCConfigurationList section */
		C929AC381CBE6AF70017A3C3 /* Build configuration list for PBXProject "UITableViewController Challenge Solution" */ = {
			isa = XCConfigurationList;
			buildConfigurations = (
				C929AC681CBE6AF70017A3C3 /* Debug */,
				C929AC691CBE6AF70017A3C3 /* Release */,
			);
			defaultConfigurationIsVisible = 0;
			defaultConfigurationName = Release;
		};
		C929AC6A1CBE6AF70017A3C3 /* Build configuration list for PBXNativeTarget "UITableViewController Challenge Solution" */ = {
			isa = XCConfigurationList;
			buildConfigurations = (
				C929AC6B1CBE6AF70017A3C3 /* Debug */,
				C929AC6C1CBE6AF70017A3C3 /* Release */,
			);
			defaultConfigurationIsVisible = 0;
		};
		C929AC6D1CBE6AF70017A3C3 /* Build configuration list for PBXNativeTarget "UITableViewController Challenge SolutionTests" */ = {
			isa = XCConfigurationList;
			buildConfigurations = (
				C929AC6E1CBE6AF70017A3C3 /* Debug */,
				C929AC6F1CBE6AF70017A3C3 /* Release */,
			);
			defaultConfigurationIsVisible = 0;
		};
		C929AC701CBE6AF70017A3C3 /* Build configuration list for PBXNativeTarget "UITableViewController Challenge SolutionUITests" */ = {
			isa = XCConfigurationList;
			buildConfigurations = (
				C929AC711CBE6AF70017A3C3 /* Debug */,
				C929AC721CBE6AF70017A3C3 /* Release */,
			);
			defaultConfigurationIsVisible = 0;
		};
/* End XCConfigurationList section */
	};
	rootObject = C929AC351CBE6AF70017A3C3 /* Project object */;
}
